// !$*UTF8*$!
{
	archiveVersion = 1;
	classes = {
	};
	objectVersion = 46;
	objects = {

/* Begin PBXBuildFile section */
		D5D206CD1D0CB4C8009C2E86 /* EmployeeViewController.swift in Sources */ = {isa = PBXBuildFile; fileRef = D5D206CC1D0CB4C8009C2E86 /* EmployeeViewController.swift */; };
		D5D206CF1D0CB4FB009C2E86 /* EmployerViewController.swift in Sources */ = {isa = PBXBuildFile; fileRef = D5D206CE1D0CB4FB009C2E86 /* EmployerViewController.swift */; };
		D5D207461D0CBBC8009C2E86 /* RPFloatingPlaceholderTextField.m in Sources */ = {isa = PBXBuildFile; fileRef = D5D207431D0CBBC8009C2E86 /* RPFloatingPlaceholderTextField.m */; };
		D5D207471D0CBBC8009C2E86 /* RPFloatingPlaceholderTextView.m in Sources */ = {isa = PBXBuildFile; fileRef = D5D207451D0CBBC8009C2E86 /* RPFloatingPlaceholderTextView.m */; };
		D5D2077E1D0CEAAD009C2E86 /* SWRevealViewController.m in Sources */ = {isa = PBXBuildFile; fileRef = D5D2077D1D0CEAAD009C2E86 /* SWRevealViewController.m */; };
		D5D207801D0CF716009C2E86 /* MenuController.swift in Sources */ = {isa = PBXBuildFile; fileRef = D5D2077F1D0CF716009C2E86 /* MenuController.swift */; };
		D5D207821D0CFFE1009C2E86 /* HomeViewController.swift in Sources */ = {isa = PBXBuildFile; fileRef = D5D207811D0CFFE1009C2E86 /* HomeViewController.swift */; };
		D5D207A21D0D1796009C2E86 /* ChatViewController.swift in Sources */ = {isa = PBXBuildFile; fileRef = D5D207A11D0D1796009C2E86 /* ChatViewController.swift */; };
		D5D207AD1D0D2447009C2E86 /* ScanViewController.swift in Sources */ = {isa = PBXBuildFile; fileRef = D5D207AC1D0D2447009C2E86 /* ScanViewController.swift */; };
		D5D207E41D0D5F2E009C2E86 /* HomePageViewController.swift in Sources */ = {isa = PBXBuildFile; fileRef = D5D207E31D0D5F2E009C2E86 /* HomePageViewController.swift */; };
		D5FC2B9C1D0CAC1F00EFFA50 /* AppDelegate.swift in Sources */ = {isa = PBXBuildFile; fileRef = D5FC2B9B1D0CAC1F00EFFA50 /* AppDelegate.swift */; };
		D5FC2B9E1D0CAC1F00EFFA50 /* ViewController.swift in Sources */ = {isa = PBXBuildFile; fileRef = D5FC2B9D1D0CAC1F00EFFA50 /* ViewController.swift */; };
		D5FC2BA11D0CAC1F00EFFA50 /* Main.storyboard in Resources */ = {isa = PBXBuildFile; fileRef = D5FC2B9F1D0CAC1F00EFFA50 /* Main.storyboard */; };
		D5FC2BA31D0CAC1F00EFFA50 /* Assets.xcassets in Resources */ = {isa = PBXBuildFile; fileRef = D5FC2BA21D0CAC1F00EFFA50 /* Assets.xcassets */; };
		D5FC2BA61D0CAC1F00EFFA50 /* LaunchScreen.storyboard in Resources */ = {isa = PBXBuildFile; fileRef = D5FC2BA41D0CAC1F00EFFA50 /* LaunchScreen.storyboard */; };
/* End PBXBuildFile section */

/* Begin PBXFileReference section */
		D5D206CC1D0CB4C8009C2E86 /* EmployeeViewController.swift */ = {isa = PBXFileReference; fileEncoding = 4; lastKnownFileType = sourcecode.swift; name = EmployeeViewController.swift; path = ../EmployeeViewController.swift; sourceTree = "<group>"; };
		D5D206CE1D0CB4FB009C2E86 /* EmployerViewController.swift */ = {isa = PBXFileReference; fileEncoding = 4; lastKnownFileType = sourcecode.swift; name = EmployerViewController.swift; path = ../EmployerViewController.swift; sourceTree = "<group>"; };
		D5D207401D0CBBC7009C2E86 /* HR-Bridging-Header.h */ = {isa = PBXFileReference; lastKnownFileType = sourcecode.c.h; path = "HR-Bridging-Header.h"; sourceTree = "<group>"; };
		D5D207411D0CBBC8009C2E86 /* RPFloatingPlaceholderConstants.h */ = {isa = PBXFileReference; fileEncoding = 4; lastKnownFileType = sourcecode.c.h; path = RPFloatingPlaceholderConstants.h; sourceTree = "<group>"; };
		D5D207421D0CBBC8009C2E86 /* RPFloatingPlaceholderTextField.h */ = {isa = PBXFileReference; fileEncoding = 4; lastKnownFileType = sourcecode.c.h; path = RPFloatingPlaceholderTextField.h; sourceTree = "<group>"; };
		D5D207431D0CBBC8009C2E86 /* RPFloatingPlaceholderTextField.m */ = {isa = PBXFileReference; fileEncoding = 4; lastKnownFileType = sourcecode.c.objc; path = RPFloatingPlaceholderTextField.m; sourceTree = "<group>"; };
		D5D207441D0CBBC8009C2E86 /* RPFloatingPlaceholderTextView.h */ = {isa = PBXFileReference; fileEncoding = 4; lastKnownFileType = sourcecode.c.h; path = RPFloatingPlaceholderTextView.h; sourceTree = "<group>"; };
		D5D207451D0CBBC8009C2E86 /* RPFloatingPlaceholderTextView.m */ = {isa = PBXFileReference; fileEncoding = 4; lastKnownFileType = sourcecode.c.objc; path = RPFloatingPlaceholderTextView.m; sourceTree = "<group>"; };
		D5D2077C1D0CEAAD009C2E86 /* SWRevealViewController.h */ = {isa = PBXFileReference; fileEncoding = 4; lastKnownFileType = sourcecode.c.h; name = SWRevealViewController.h; path = "../../../../Downloads/SidebarMenu 2/SidebarMenu/SWRevealViewController.h"; sourceTree = "<group>"; };
		D5D2077D1D0CEAAD009C2E86 /* SWRevealViewController.m */ = {isa = PBXFileReference; fileEncoding = 4; lastKnownFileType = sourcecode.c.objc; name = SWRevealViewController.m; path = "../../../../Downloads/SidebarMenu 2/SidebarMenu/SWRevealViewController.m"; sourceTree = "<group>"; };
		D5D2077F1D0CF716009C2E86 /* MenuController.swift */ = {isa = PBXFileReference; fileEncoding = 4; lastKnownFileType = sourcecode.swift; path = MenuController.swift; sourceTree = "<group>"; };
		D5D207811D0CFFE1009C2E86 /* HomeViewController.swift */ = {isa = PBXFileReference; fileEncoding = 4; lastKnownFileType = sourcecode.swift; path = HomeViewController.swift; sourceTree = "<group>"; };
		D5D207A11D0D1796009C2E86 /* ChatViewController.swift */ = {isa = PBXFileReference; fileEncoding = 4; lastKnownFileType = sourcecode.swift; path = ChatViewController.swift; sourceTree = "<group>"; };
		D5D207AC1D0D2447009C2E86 /* ScanViewController.swift */ = {isa = PBXFileReference; fileEncoding = 4; lastKnownFileType = sourcecode.swift; path = ScanViewController.swift; sourceTree = "<group>"; };
		D5D207E31D0D5F2E009C2E86 /* HomePageViewController.swift */ = {isa = PBXFileReference; fileEncoding = 4; lastKnownFileType = sourcecode.swift; path = HomePageViewController.swift; sourceTree = "<group>"; };
		D5FC2B981D0CAC1F00EFFA50 /* HR.app */ = {isa = PBXFileReference; explicitFileType = wrapper.application; includeInIndex = 0; path = HR.app; sourceTree = BUILT_PRODUCTS_DIR; };
		D5FC2B9B1D0CAC1F00EFFA50 /* AppDelegate.swift */ = {isa = PBXFileReference; lastKnownFileType = sourcecode.swift; path = AppDelegate.swift; sourceTree = "<group>"; };
		D5FC2B9D1D0CAC1F00EFFA50 /* ViewController.swift */ = {isa = PBXFileReference; lastKnownFileType = sourcecode.swift; path = ViewController.swift; sourceTree = "<group>"; };
		D5FC2BA01D0CAC1F00EFFA50 /* Base */ = {isa = PBXFileReference; lastKnownFileType = file.storyboard; name = Base; path = Base.lproj/Main.storyboard; sourceTree = "<group>"; };
		D5FC2BA21D0CAC1F00EFFA50 /* Assets.xcassets */ = {isa = PBXFileReference; lastKnownFileType = folder.assetcatalog; path = Assets.xcassets; sourceTree = "<group>"; };
		D5FC2BA51D0CAC1F00EFFA50 /* Base */ = {isa = PBXFileReference; lastKnownFileType = file.storyboard; name = Base; path = Base.lproj/LaunchScreen.storyboard; sourceTree = "<group>"; };
		D5FC2BA71D0CAC1F00EFFA50 /* Info.plist */ = {isa = PBXFileReference; lastKnownFileType = text.plist.xml; path = Info.plist; sourceTree = "<group>"; };
/* End PBXFileReference section */

/* Begin PBXFrameworksBuildPhase section */
		D5FC2B951D0CAC1F00EFFA50 /* Frameworks */ = {
			isa = PBXFrameworksBuildPhase;
			buildActionMask = 2147483647;
			files = (
			);
			runOnlyForDeploymentPostprocessing = 0;
		};
/* End PBXFrameworksBuildPhase section */

/* Begin PBXGroup section */
		D5D2077A1D0CE9EE009C2E86 /* RPFloatingPlaceholders */ = {
			isa = PBXGroup;
			children = (
				D5D207411D0CBBC8009C2E86 /* RPFloatingPlaceholderConstants.h */,
				D5D207421D0CBBC8009C2E86 /* RPFloatingPlaceholderTextField.h */,
				D5D207431D0CBBC8009C2E86 /* RPFloatingPlaceholderTextField.m */,
				D5D207441D0CBBC8009C2E86 /* RPFloatingPlaceholderTextView.h */,
				D5D207451D0CBBC8009C2E86 /* RPFloatingPlaceholderTextView.m */,
			);
			name = RPFloatingPlaceholders;
			sourceTree = "<group>";
		};
		D5D2077B1D0CEA4B009C2E86 /* SWRevealViewController */ = {
			isa = PBXGroup;
			children = (
				D5D2077C1D0CEAAD009C2E86 /* SWRevealViewController.h */,
				D5D2077D1D0CEAAD009C2E86 /* SWRevealViewController.m */,
			);
			name = SWRevealViewController;
			sourceTree = "<group>";
		};
		D5FC2B8F1D0CAC1F00EFFA50 = {
			isa = PBXGroup;
			children = (
				D5FC2B9A1D0CAC1F00EFFA50 /* HR */,
				D5FC2B991D0CAC1F00EFFA50 /* Products */,
			);
			sourceTree = "<group>";
		};
		D5FC2B991D0CAC1F00EFFA50 /* Products */ = {
			isa = PBXGroup;
			children = (
				D5FC2B981D0CAC1F00EFFA50 /* HR.app */,
			);
			name = Products;
			sourceTree = "<group>";
		};
		D5FC2B9A1D0CAC1F00EFFA50 /* HR */ = {
			isa = PBXGroup;
			children = (
				D5D2077B1D0CEA4B009C2E86 /* SWRevealViewController */,
				D5D2077A1D0CE9EE009C2E86 /* RPFloatingPlaceholders */,
				D5FC2B9B1D0CAC1F00EFFA50 /* AppDelegate.swift */,
				D5D207AC1D0D2447009C2E86 /* ScanViewController.swift */,
				D5D207A11D0D1796009C2E86 /* ChatViewController.swift */,
				D5D207E31D0D5F2E009C2E86 /* HomePageViewController.swift */,
				D5D207811D0CFFE1009C2E86 /* HomeViewController.swift */,
				D5D206CC1D0CB4C8009C2E86 /* EmployeeViewController.swift */,
				D5D206CE1D0CB4FB009C2E86 /* EmployerViewController.swift */,
				D5D2077F1D0CF716009C2E86 /* MenuController.swift */,
				D5FC2B9D1D0CAC1F00EFFA50 /* ViewController.swift */,
				D5FC2B9F1D0CAC1F00EFFA50 /* Main.storyboard */,
				D5FC2BA21D0CAC1F00EFFA50 /* Assets.xcassets */,
				D5FC2BA41D0CAC1F00EFFA50 /* LaunchScreen.storyboard */,
				D5FC2BA71D0CAC1F00EFFA50 /* Info.plist */,
				D5D207401D0CBBC7009C2E86 /* HR-Bridging-Header.h */,
			);
			path = HR;
			sourceTree = "<group>";
		};
/* End PBXGroup section */

/* Begin PBXNativeTarget section */
		D5FC2B971D0CAC1F00EFFA50 /* HR */ = {
			isa = PBXNativeTarget;
			buildConfigurationList = D5FC2BAA1D0CAC1F00EFFA50 /* Build configuration list for PBXNativeTarget "HR" */;
			buildPhases = (
				D5FC2B941D0CAC1F00EFFA50 /* Sources */,
				D5FC2B951D0CAC1F00EFFA50 /* Frameworks */,
				D5FC2B961D0CAC1F00EFFA50 /* Resources */,
			);
			buildRules = (
			);
			dependencies = (
			);
			name = HR;
			productName = HR;
			productReference = D5FC2B981D0CAC1F00EFFA50 /* HR.app */;
			productType = "com.apple.product-type.application";
		};
/* End PBXNativeTarget section */

/* Begin PBXProject section */
		D5FC2B901D0CAC1F00EFFA50 /* Project object */ = {
			isa = PBXProject;
			attributes = {
				LastSwiftUpdateCheck = 0730;
				LastUpgradeCheck = 0730;
				ORGANIZATIONNAME = Alexathon;
				TargetAttributes = {
					D5FC2B971D0CAC1F00EFFA50 = {
						CreatedOnToolsVersion = 7.3.1;
					};
				};
			};
			buildConfigurationList = D5FC2B931D0CAC1F00EFFA50 /* Build configuration list for PBXProject "HR" */;
			compatibilityVersion = "Xcode 3.2";
			developmentRegion = English;
			hasScannedForEncodings = 0;
			knownRegions = (
				en,
				Base,
			);
			mainGroup = D5FC2B8F1D0CAC1F00EFFA50;
			productRefGroup = D5FC2B991D0CAC1F00EFFA50 /* Products */;
			projectDirPath = "";
			projectRoot = "";
			targets = (
				D5FC2B971D0CAC1F00EFFA50 /* HR */,
			);
		};
/* End PBXProject section */

/* Begin PBXResourcesBuildPhase section */
		D5FC2B961D0CAC1F00EFFA50 /* Resources */ = {
			isa = PBXResourcesBuildPhase;
			buildActionMask = 2147483647;
			files = (
				D5FC2BA61D0CAC1F00EFFA50 /* LaunchScreen.storyboard in Resources */,
				D5FC2BA31D0CAC1F00EFFA50 /* Assets.xcassets in Resources */,
				D5FC2BA11D0CAC1F00EFFA50 /* Main.storyboard in Resources */,
			);
			runOnlyForDeploymentPostprocessing = 0;
		};
/* End PBXResourcesBuildPhase section */

/* Begin PBXSourcesBuildPhase section */
		D5FC2B941D0CAC1F00EFFA50 /* Sources */ = {
			isa = PBXSourcesBuildPhase;
			buildActionMask = 2147483647;
			files = (
				D5D2077E1D0CEAAD009C2E86 /* SWRevealViewController.m in Sources */,
				D5D206CF1D0CB4FB009C2E86 /* EmployerViewController.swift in Sources */,
				D5FC2B9E1D0CAC1F00EFFA50 /* ViewController.swift in Sources */,
				D5D207AD1D0D2447009C2E86 /* ScanViewController.swift in Sources */,
				D5FC2B9C1D0CAC1F00EFFA50 /* AppDelegate.swift in Sources */,
				D5D206CD1D0CB4C8009C2E86 /* EmployeeViewController.swift in Sources */,
				D5D207821D0CFFE1009C2E86 /* HomeViewController.swift in Sources */,
				D5D207461D0CBBC8009C2E86 /* RPFloatingPlaceholderTextField.m in Sources */,
				D5D207E41D0D5F2E009C2E86 /* HomePageViewController.swift in Sources */,
				D5D207471D0CBBC8009C2E86 /* RPFloatingPlaceholderTextView.m in Sources */,
				D5D207A21D0D1796009C2E86 /* ChatViewController.swift in Sources */,
				D5D207801D0CF716009C2E86 /* MenuController.swift in Sources */,
			);
			runOnlyForDeploymentPostprocessing = 0;
		};
/* End PBXSourcesBuildPhase section */

/* Begin PBXVariantGroup section */
		D5FC2B9F1D0CAC1F00EFFA50 /* Main.storyboard */ = {
			isa = PBXVariantGroup;
			children = (
				D5FC2BA01D0CAC1F00EFFA50 /* Base */,
			);
			name = Main.storyboard;
			sourceTree = "<group>";
		};
		D5FC2BA41D0CAC1F00EFFA50 /* LaunchScreen.storyboard */ = {
			isa = PBXVariantGroup;
			children = (
				D5FC2BA51D0CAC1F00EFFA50 /* Base */,
			);
			name = LaunchScreen.storyboard;
			sourceTree = "<group>";
		};
/* End PBXVariantGroup section */

/* Begin XCBuildConfiguration section */
		D5FC2BA81D0CAC1F00EFFA50 /* Debug */ = {
			isa = XCBuildConfiguration;
			buildSettings = {
				ALWAYS_SEARCH_USER_PATHS = NO;
				CLANG_ANALYZER_NONNULL = YES;
				CLANG_CXX_LANGUAGE_STANDARD = "gnu++0x";
				CLANG_CXX_LIBRARY = "libc++";
				CLANG_ENABLE_MODULES = YES;
				CLANG_ENABLE_OBJC_ARC = YES;
				CLANG_WARN_BOOL_CONVERSION = YES;
				CLANG_WARN_CONSTANT_CONVERSION = YES;
				CLANG_WARN_DIRECT_OBJC_ISA_USAGE = YES_ERROR;
				CLANG_WARN_EMPTY_BODY = YES;
				CLANG_WARN_ENUM_CONVERSION = YES;
				CLANG_WARN_INT_CONVERSION = YES;
				CLANG_WARN_OBJC_ROOT_CLASS = YES_ERROR;
				CLANG_WARN_UNREACHABLE_CODE = YES;
				CLANG_WARN__DUPLICATE_METHOD_MATCH = YES;
				"CODE_SIGN_IDENTITY[sdk=iphoneos*]" = "iPhone Developer";
				COPY_PHASE_STRIP = NO;
				DEBUG_INFORMATION_FORMAT = dwarf;
				ENABLE_STRICT_OBJC_MSGSEND = YES;
				ENABLE_TESTABILITY = YES;
				GCC_C_LANGUAGE_STANDARD = gnu99;
				GCC_DYNAMIC_NO_PIC = NO;
				GCC_NO_COMMON_BLOCKS = YES;
				GCC_OPTIMIZATION_LEVEL = 0;
				GCC_PREPROCESSOR_DEFINITIONS = (
					"DEBUG=1",
					"$(inherited)",
				);
				GCC_WARN_64_TO_32_BIT_CONVERSION = YES;
				GCC_WARN_ABOUT_RETURN_TYPE = YES_ERROR;
				GCC_WARN_UNDECLARED_SELECTOR = YES;
				GCC_WARN_UNINITIALIZED_AUTOS = YES_AGGRESSIVE;
				GCC_WARN_UNUSED_FUNCTION = YES;
				GCC_WARN_UNUSED_VARIABLE = YES;
				IPHONEOS_DEPLOYMENT_TARGET = 9.3;
				MTL_ENABLE_DEBUG_INFO = YES;
				ONLY_ACTIVE_ARCH = YES;
				SDKROOT = iphoneos;
				SWIFT_OPTIMIZATION_LEVEL = "-Onone";
			};
			name = Debug;
		};
		D5FC2BA91D0CAC1F00EFFA50 /* Release */ = {
			isa = XCBuildConfiguration;
			buildSettings = {
				ALWAYS_SEARCH_USER_PATHS = NO;
				CLANG_ANALYZER_NONNULL = YES;
				CLANG_CXX_LANGUAGE_STANDARD = "gnu++0x";
				CLANG_CXX_LIBRARY = "libc++";
				CLANG_ENABLE_MODULES = YES;
				CLANG_ENABLE_OBJC_ARC = YES;
				CLANG_WARN_BOOL_CONVERSION = YES;
				CLANG_WARN_CONSTANT_CONVERSION = YES;
				CLANG_WARN_DIRECT_OBJC_ISA_USAGE = YES_ERROR;
				CLANG_WARN_EMPTY_BODY = YES;
				CLANG_WARN_ENUM_CONVERSION = YES;
				CLANG_WARN_INT_CONVERSION = YES;
				CLANG_WARN_OBJC_ROOT_CLASS = YES_ERROR;
				CLANG_WARN_UNREACHABLE_CODE = YES;
				CLANG_WARN__DUPLICATE_METHOD_MATCH = YES;
				"CODE_SIGN_IDENTITY[sdk=iphoneos*]" = "iPhone Developer";
				COPY_PHASE_STRIP = NO;
				DEBUG_INFORMATION_FORMAT = "dwarf-with-dsym";
				ENABLE_NS_ASSERTIONS = NO;
				ENABLE_STRICT_OBJC_MSGSEND = YES;
				GCC_C_LANGUAGE_STANDARD = gnu99;
				GCC_NO_COMMON_BLOCKS = YES;
				GCC_WARN_64_TO_32_BIT_CONVERSION = YES;
				GCC_WARN_ABOUT_RETURN_TYPE = YES_ERROR;
				GCC_WARN_UNDECLARED_SELECTOR = YES;
				GCC_WARN_UNINITIALIZED_AUTOS = YES_AGGRESSIVE;
				GCC_WARN_UNUSED_FUNCTION = YES;
				GCC_WARN_UNUSED_VARIABLE = YES;
				IPHONEOS_DEPLOYMENT_TARGET = 9.3;
				MTL_ENABLE_DEBUG_INFO = NO;
				SDKROOT = iphoneos;
				VALIDATE_PRODUCT = YES;
			};
			name = Release;
		};
		D5FC2BAB1D0CAC1F00EFFA50 /* Debug */ = {
			isa = XCBuildConfiguration;
			buildSettings = {
				ASSETCATALOG_COMPILER_APPICON_NAME = AppIcon;
				CLANG_CXX_LIBRARY = "libc++";
				CLANG_ENABLE_MODULES = YES;
				ENABLE_BITCODE = YES;
				INFOPLIST_FILE = HR/Info.plist;
				LD_RUNPATH_SEARCH_PATHS = "$(inherited) @executable_path/Frameworks";
				PRODUCT_BUNDLE_IDENTIFIER = ibm.driverlicense.com.HR;
				PRODUCT_NAME = "$(TARGET_NAME)";
				SWIFT_OBJC_BRIDGING_HEADER = "HR/HR-Bridging-Header.h";
				SWIFT_OPTIMIZATION_LEVEL = "-Onone";
			};
			name = Debug;
		};
		D5FC2BAC1D0CAC1F00EFFA50 /* Release */ = {
			isa = XCBuildConfiguration;
			buildSettings = {
				ASSETCATALOG_COMPILER_APPICON_NAME = AppIcon;
				CLANG_CXX_LIBRARY = "libc++";
				CLANG_ENABLE_MODULES = YES;
				ENABLE_BITCODE = YES;
				INFOPLIST_FILE = HR/Info.plist;
				LD_RUNPATH_SEARCH_PATHS = "$(inherited) @executable_path/Frameworks";
				PRODUCT_BUNDLE_IDENTIFIER = ibm.driverlicense.com.HR;
				PRODUCT_NAME = "$(TARGET_NAME)";
				SWIFT_OBJC_BRIDGING_HEADER = "HR/HR-Bridging-Header.h";
			};
			name = Release;
		};
/* End XCBuildConfiguration section */

/* Begin XCConfigurationList section */
		D5FC2B931D0CAC1F00EFFA50 /* Build configuration list for PBXProject "HR" */ = {
			isa = XCConfigurationList;
			buildConfigurations = (
				D5FC2BA81D0CAC1F00EFFA50 /* Debug */,
				D5FC2BA91D0CAC1F00EFFA50 /* Release */,
			);
			defaultConfigurationIsVisible = 0;
			defaultConfigurationName = Release;
		};
		D5FC2BAA1D0CAC1F00EFFA50 /* Build configuration list for PBXNativeTarget "HR" */ = {
			isa = XCConfigurationList;
			buildConfigurations = (
				D5FC2BAB1D0CAC1F00EFFA50 /* Debug */,
				D5FC2BAC1D0CAC1F00EFFA50 /* Release */,
			);
			defaultConfigurationIsVisible = 0;
			defaultConfigurationName = Release;
		};
/* End XCConfigurationList section */
	};
	rootObject = D5FC2B901D0CAC1F00EFFA50 /* Project object */;
}
